// !$*UTF8*$!
{
	archiveVersion = 1;
	classes = {
	};
	objectVersion = 46;
	objects = {

/* Begin PBXBuildFile section */
		A2022AFE1BBE18E100DEB75A /* AppDelegate.swift in Sources */ = {isa = PBXBuildFile; fileRef = A2022AFD1BBE18E100DEB75A /* AppDelegate.swift */; };
		A2022B001BBE18E100DEB75A /* ViewController.swift in Sources */ = {isa = PBXBuildFile; fileRef = A2022AFF1BBE18E100DEB75A /* ViewController.swift */; };
		A2022B031BBE18E100DEB75A /* Main.storyboard in Resources */ = {isa = PBXBuildFile; fileRef = A2022B011BBE18E100DEB75A /* Main.storyboard */; };
		A2022B051BBE18E100DEB75A /* Assets.xcassets in Resources */ = {isa = PBXBuildFile; fileRef = A2022B041BBE18E100DEB75A /* Assets.xcassets */; };
		A2022B081BBE18E100DEB75A /* LaunchScreen.storyboard in Resources */ = {isa = PBXBuildFile; fileRef = A2022B061BBE18E100DEB75A /* LaunchScreen.storyboard */; };
		A2022B1E1BBE1BC100DEB75A /* EmployeeTest.swift in Sources */ = {isa = PBXBuildFile; fileRef = A2022B1D1BBE1BC100DEB75A /* EmployeeTest.swift */; };
		A2022B201BBE1EDA00DEB75A /* Employee.swift in Sources */ = {isa = PBXBuildFile; fileRef = A2022B1F1BBE1EDA00DEB75A /* Employee.swift */; };
/* End PBXBuildFile section */

/* Begin PBXContainerItemProxy section */
		A2022B0F1BBE18E100DEB75A /* PBXContainerItemProxy */ = {
			isa = PBXContainerItemProxy;
			containerPortal = A2022AF21BBE18E100DEB75A /* Project object */;
			proxyType = 1;
			remoteGlobalIDString = A2022AF91BBE18E100DEB75A;
			remoteInfo = TDDSwift;
		};
/* End PBXContainerItemProxy section */

/* Begin PBXFileReference section */
		A2022AFA1BBE18E100DEB75A /* TDDSwift.app */ = {isa = PBXFileReference; explicitFileType = wrapper.application; includeInIndex = 0; path = TDDSwift.app; sourceTree = BUILT_PRODUCTS_DIR; };
		A2022AFD1BBE18E100DEB75A /* AppDelegate.swift */ = {isa = PBXFileReference; lastKnownFileType = sourcecode.swift; path = AppDelegate.swift; sourceTree = "<group>"; };
		A2022AFF1BBE18E100DEB75A /* ViewController.swift */ = {isa = PBXFileReference; lastKnownFileType = sourcecode.swift; path = ViewController.swift; sourceTree = "<group>"; };
		A2022B021BBE18E100DEB75A /* Base */ = {isa = PBXFileReference; lastKnownFileType = file.storyboard; name = Base; path = Base.lproj/Main.storyboard; sourceTree = "<group>"; };
		A2022B041BBE18E100DEB75A /* Assets.xcassets */ = {isa = PBXFileReference; lastKnownFileType = folder.assetcatalog; path = Assets.xcassets; sourceTree = "<group>"; };
		A2022B071BBE18E100DEB75A /* Base */ = {isa = PBXFileReference; lastKnownFileType = file.storyboard; name = Base; path = Base.lproj/LaunchScreen.storyboard; sourceTree = "<group>"; };
		A2022B091BBE18E100DEB75A /* Info.plist */ = {isa = PBXFileReference; lastKnownFileType = text.plist.xml; path = Info.plist; sourceTree = "<group>"; };
		A2022B0E1BBE18E100DEB75A /* TDDSwiftTests.xctest */ = {isa = PBXFileReference; explicitFileType = wrapper.cfbundle; includeInIndex = 0; path = TDDSwiftTests.xctest; sourceTree = BUILT_PRODUCTS_DIR; };
		A2022B141BBE18E100DEB75A /* Info.plist */ = {isa = PBXFileReference; lastKnownFileType = text.plist.xml; path = Info.plist; sourceTree = "<group>"; };
		A2022B1D1BBE1BC100DEB75A /* EmployeeTest.swift */ = {isa = PBXFileReference; fileEncoding = 4; lastKnownFileType = sourcecode.swift; path = EmployeeTest.swift; sourceTree = "<group>"; };
		A2022B1F1BBE1EDA00DEB75A /* Employee.swift */ = {isa = PBXFileReference; fileEncoding = 4; lastKnownFileType = sourcecode.swift; path = Employee.swift; sourceTree = "<group>"; };
/* End PBXFileReference section */

/* Begin PBXFrameworksBuildPhase section */
		A2022AF71BBE18E100DEB75A /* Frameworks */ = {
			isa = PBXFrameworksBuildPhase;
			buildActionMask = 2147483647;
			files = (
			);
			runOnlyForDeploymentPostprocessing = 0;
		};
		A2022B0B1BBE18E100DEB75A /* Frameworks */ = {
			isa = PBXFrameworksBuildPhase;
			buildActionMask = 2147483647;
			files = (
			);
			runOnlyForDeploymentPostprocessing = 0;
		};
/* End PBXFrameworksBuildPhase section */

/* Begin PBXGroup section */
		A2022AF11BBE18E100DEB75A = {
			isa = PBXGroup;
			children = (
				A2022AFC1BBE18E100DEB75A /* TDDSwift */,
				A2022B111BBE18E100DEB75A /* TDDSwiftTests */,
				A2022AFB1BBE18E100DEB75A /* Products */,
			);
			sourceTree = "<group>";
		};
		A2022AFB1BBE18E100DEB75A /* Products */ = {
			isa = PBXGroup;
			children = (
				A2022AFA1BBE18E100DEB75A /* TDDSwift.app */,
				A2022B0E1BBE18E100DEB75A /* TDDSwiftTests.xctest */,
			);
			name = Products;
			sourceTree = "<group>";
		};
		A2022AFC1BBE18E100DEB75A /* TDDSwift */ = {
			isa = PBXGroup;
			children = (
				A2022AFD1BBE18E100DEB75A /* AppDelegate.swift */,
				A2022AFF1BBE18E100DEB75A /* ViewController.swift */,
				A2022B011BBE18E100DEB75A /* Main.storyboard */,
				A2022B041BBE18E100DEB75A /* Assets.xcassets */,
				A2022B061BBE18E100DEB75A /* LaunchScreen.storyboard */,
				A2022B091BBE18E100DEB75A /* Info.plist */,
				A2022B1F1BBE1EDA00DEB75A /* Employee.swift */,
			);
			path = TDDSwift;
			sourceTree = "<group>";
		};
		A2022B111BBE18E100DEB75A /* TDDSwiftTests */ = {
			isa = PBXGroup;
			children = (
				A2022B141BBE18E100DEB75A /* Info.plist */,
				A2022B1D1BBE1BC100DEB75A /* EmployeeTest.swift */,
			);
			path = TDDSwiftTests;
			sourceTree = "<group>";
		};
/* End PBXGroup section */

/* Begin PBXNativeTarget section */
		A2022AF91BBE18E100DEB75A /* TDDSwift */ = {
			isa = PBXNativeTarget;
			buildConfigurationList = A2022B171BBE18E100DEB75A /* Build configuration list for PBXNativeTarget "TDDSwift" */;
			buildPhases = (
				A2022AF61BBE18E100DEB75A /* Sources */,
				A2022AF71BBE18E100DEB75A /* Frameworks */,
				A2022AF81BBE18E100DEB75A /* Resources */,
			);
			buildRules = (
			);
			dependencies = (
			);
			name = TDDSwift;
			productName = TDDSwift;
			productReference = A2022AFA1BBE18E100DEB75A /* TDDSwift.app */;
			productType = "com.apple.product-type.application";
		};
		A2022B0D1BBE18E100DEB75A /* TDDSwiftTests */ = {
			isa = PBXNativeTarget;
			buildConfigurationList = A2022B1A1BBE18E100DEB75A /* Build configuration list for PBXNativeTarget "TDDSwiftTests" */;
			buildPhases = (
				A2022B0A1BBE18E100DEB75A /* Sources */,
				A2022B0B1BBE18E100DEB75A /* Frameworks */,
				A2022B0C1BBE18E100DEB75A /* Resources */,
			);
			buildRules = (
			);
			dependencies = (
				A2022B101BBE18E100DEB75A /* PBXTargetDependency */,
			);
			name = TDDSwiftTests;
			productName = TDDSwiftTests;
			productReference = A2022B0E1BBE18E100DEB75A /* TDDSwiftTests.xctest */;
			productType = "com.apple.product-type.bundle.unit-test";
		};
/* End PBXNativeTarget section */

/* Begin PBXProject section */
		A2022AF21BBE18E100DEB75A /* Project object */ = {
			isa = PBXProject;
			attributes = {
				LastUpgradeCheck = 0710;
				ORGANIZATIONNAME = "___UP1___";
				TargetAttributes = {
					A2022AF91BBE18E100DEB75A = {
						CreatedOnToolsVersion = 7.1;
					};
					A2022B0D1BBE18E100DEB75A = {
						CreatedOnToolsVersion = 7.1;
						TestTargetID = A2022AF91BBE18E100DEB75A;
					};
				};
			};
			buildConfigurationList = A2022AF51BBE18E100DEB75A /* Build configuration list for PBXProject "TDDSwift" */;
			compatibilityVersion = "Xcode 3.2";
			developmentRegion = English;
			hasScannedForEncodings = 0;
			knownRegions = (
				en,
				Base,
			);
			mainGroup = A2022AF11BBE18E100DEB75A;
			productRefGroup = A2022AFB1BBE18E100DEB75A /* Products */;
			projectDirPath = "";
			projectRoot = "";
			targets = (
				A2022AF91BBE18E100DEB75A /* TDDSwift */,
				A2022B0D1BBE18E100DEB75A /* TDDSwiftTests */,
			);
		};
/* End PBXProject section */

/* Begin PBXResourcesBuildPhase section */
		A2022AF81BBE18E100DEB75A /* Resources */ = {
			isa = PBXResourcesBuildPhase;
			buildActionMask = 2147483647;
			files = (
				A2022B081BBE18E100DEB75A /* LaunchScreen.storyboard in Resources */,
				A2022B051BBE18E100DEB75A /* Assets.xcassets in Resources */,
				A2022B031BBE18E100DEB75A /* Main.storyboard in Resources */,
			);
			runOnlyForDeploymentPostprocessing = 0;
		};
		A2022B0C1BBE18E100DEB75A /* Resources */ = {
			isa = PBXResourcesBuildPhase;
			buildActionMask = 2147483647;
			files = (
			);
			runOnlyForDeploymentPostprocessing = 0;
		};
/* End PBXResourcesBuildPhase section */

/* Begin PBXSourcesBuildPhase section */
		A2022AF61BBE18E100DEB75A /* Sources */ = {
			isa = PBXSourcesBuildPhase;
			buildActionMask = 2147483647;
			files = (
				A2022B001BBE18E100DEB75A /* ViewController.swift in Sources */,
				A2022B201BBE1EDA00DEB75A /* Employee.swift in Sources */,
				A2022AFE1BBE18E100DEB75A /* AppDelegate.swift in Sources */,
			);
			runOnlyForDeploymentPostprocessing = 0;
		};
		A2022B0A1BBE18E100DEB75A /* Sources */ = {
			isa = PBXSourcesBuildPhase;
			buildActionMask = 2147483647;
			files = (
				A2022B1E1BBE1BC100DEB75A /* EmployeeTest.swift in Sources */,
			);
			runOnlyForDeploymentPostprocessing = 0;
		};
/* End PBXSourcesBuildPhase section */

/* Begin PBXTargetDependency section */
		A2022B101BBE18E100DEB75A /* PBXTargetDependency */ = {
			isa = PBXTargetDependency;
			target = A2022AF91BBE18E100DEB75A /* TDDSwift */;
			targetProxy = A2022B0F1BBE18E100DEB75A /* PBXContainerItemProxy */;
		};
/* End PBXTargetDependency section */

/* Begin PBXVariantGroup section */
		A2022B011BBE18E100DEB75A /* Main.storyboard */ = {
			isa = PBXVariantGroup;
			children = (
				A2022B021BBE18E100DEB75A /* Base */,
			);
			name = Main.storyboard;
			sourceTree = "<group>";
		};
		A2022B061BBE18E100DEB75A /* LaunchScreen.storyboard */ = {
			isa = PBXVariantGroup;
			children = (
				A2022B071BBE18E100DEB75A /* Base */,
			);
			name = LaunchScreen.storyboard;
			sourceTree = "<group>";
		};
/* End PBXVariantGroup section */

/* Begin XCBuildConfiguration section */
		A2022B151BBE18E100DEB75A /* Debug */ = {
			isa = XCBuildConfiguration;
			buildSettings = {
				ALWAYS_SEARCH_USER_PATHS = NO;
				CLANG_CXX_LANGUAGE_STANDARD = "gnu++0x";
				CLANG_CXX_LIBRARY = "libc++";
				CLANG_ENABLE_MODULES = YES;
				CLANG_ENABLE_OBJC_ARC = YES;
				CLANG_WARN_BOOL_CONVERSION = YES;
				CLANG_WARN_CONSTANT_CONVERSION = YES;
				CLANG_WARN_DIRECT_OBJC_ISA_USAGE = YES_ERROR;
				CLANG_WARN_EMPTY_BODY = YES;
				CLANG_WARN_ENUM_CONVERSION = YES;
				CLANG_WARN_INT_CONVERSION = YES;
				CLANG_WARN_OBJC_ROOT_CLASS = YES_ERROR;
				CLANG_WARN_UNREACHABLE_CODE = YES;
				CLANG_WARN__DUPLICATE_METHOD_MATCH = YES;
				"CODE_SIGN_IDENTITY[sdk=iphoneos*]" = "iPhone Developer";
				COPY_PHASE_STRIP = NO;
				DEBUG_INFORMATION_FORMAT = dwarf;
				ENABLE_STRICT_OBJC_MSGSEND = YES;
				ENABLE_TESTABILITY = YES;
				GCC_C_LANGUAGE_STANDARD = gnu99;
				GCC_DYNAMIC_NO_PIC = NO;
				GCC_NO_COMMON_BLOCKS = YES;
				GCC_OPTIMIZATION_LEVEL = 0;
				GCC_PREPROCESSOR_DEFINITIONS = (
					"DEBUG=1",
					"$(inherited)",
				);
				GCC_WARN_64_TO_32_BIT_CONVERSION = YES;
				GCC_WARN_ABOUT_RETURN_TYPE = YES_ERROR;
				GCC_WARN_UNDECLARED_SELECTOR = YES;
				GCC_WARN_UNINITIALIZED_AUTOS = YES_AGGRESSIVE;
				GCC_WARN_UNUSED_FUNCTION = YES;
				GCC_WARN_UNUSED_VARIABLE = YES;
				IPHONEOS_DEPLOYMENT_TARGET = 9.1;
				MTL_ENABLE_DEBUG_INFO = YES;
				ONLY_ACTIVE_ARCH = YES;
				SDKROOT = iphoneos;
				SWIFT_OPTIMIZATION_LEVEL = "-Onone";
				TARGETED_DEVICE_FAMILY = "1,2";
			};
			name = Debug;
		};
		A2022B161BBE18E100DEB75A /* Release */ = {
			isa = XCBuildConfiguration;
			buildSettings = {
				ALWAYS_SEARCH_USER_PATHS = NO;
				CLANG_CXX_LANGUAGE_STANDARD = "gnu++0x";
				CLANG_CXX_LIBRARY = "libc++";
				CLANG_ENABLE_MODULES = YES;
				CLANG_ENABLE_OBJC_ARC = YES;
				CLANG_WARN_BOOL_CONVERSION = YES;
				CLANG_WARN_CONSTANT_CONVERSION = YES;
				CLANG_WARN_DIRECT_OBJC_ISA_USAGE = YES_ERROR;
				CLANG_WARN_EMPTY_BODY = YES;
				CLANG_WARN_ENUM_CONVERSION = YES;
				CLANG_WARN_INT_CONVERSION = YES;
				CLANG_WARN_OBJC_ROOT_CLASS = YES_ERROR;
				CLANG_WARN_UNREACHABLE_CODE = YES;
				CLANG_WARN__DUPLICATE_METHOD_MATCH = YES;
				"CODE_SIGN_IDENTITY[sdk=iphoneos*]" = "iPhone Developer";
				COPY_PHASE_STRIP = NO;
				DEBUG_INFORMATION_FORMAT = "dwarf-with-dsym";
				ENABLE_NS_ASSERTIONS = NO;
				ENABLE_STRICT_OBJC_MSGSEND = YES;
				GCC_C_LANGUAGE_STANDARD = gnu99;
				GCC_NO_COMMON_BLOCKS = YES;
				GCC_WARN_64_TO_32_BIT_CONVERSION = YES;
				GCC_WARN_ABOUT_RETURN_TYPE = YES_ERROR;
				GCC_WARN_UNDECLARED_SELECTOR = YES;
				GCC_WARN_UNINITIALIZED_AUTOS = YES_AGGRESSIVE;
				GCC_WARN_UNUSED_FUNCTION = YES;
				GCC_WARN_UNUSED_VARIABLE = YES;
				IPHONEOS_DEPLOYMENT_TARGET = 9.1;
				MTL_ENABLE_DEBUG_INFO = NO;
				SDKROOT = iphoneos;
				TARGETED_DEVICE_FAMILY = "1,2";
				VALIDATE_PRODUCT = YES;
			};
			name = Release;
		};
		A2022B181BBE18E100DEB75A /* Debug */ = {
			isa = XCBuildConfiguration;
			buildSettings = {
				ASSETCATALOG_COMPILER_APPICON_NAME = AppIcon;
				INFOPLIST_FILE = TDDSwift/Info.plist;
				LD_RUNPATH_SEARCH_PATHS = "$(inherited) @executable_path/Frameworks";
				PRODUCT_BUNDLE_IDENTIFIER = up1.TDDSwift;
				PRODUCT_NAME = "$(TARGET_NAME)";
			};
			name = Debug;
		};
		A2022B191BBE18E100DEB75A /* Release */ = {
			isa = XCBuildConfiguration;
			buildSettings = {
				ASSETCATALOG_COMPILER_APPICON_NAME = AppIcon;
				INFOPLIST_FILE = TDDSwift/Info.plist;
				LD_RUNPATH_SEARCH_PATHS = "$(inherited) @executable_path/Frameworks";
				PRODUCT_BUNDLE_IDENTIFIER = up1.TDDSwift;
				PRODUCT_NAME = "$(TARGET_NAME)";
			};
			name = Release;
		};
		A2022B1B1BBE18E100DEB75A /* Debug */ = {
			isa = XCBuildConfiguration;
			buildSettings = {
				BUNDLE_LOADER = "$(TEST_HOST)";
				INFOPLIST_FILE = TDDSwiftTests/Info.plist;
				LD_RUNPATH_SEARCH_PATHS = "$(inherited) @executable_path/Frameworks @loader_path/Frameworks";
				PRODUCT_BUNDLE_IDENTIFIER = up1.TDDSwiftTests;
				PRODUCT_NAME = "$(TARGET_NAME)";
				TEST_HOST = "$(BUILT_PRODUCTS_DIR)/TDDSwift.app/TDDSwift";
			};
			name = Debug;
		};
		A2022B1C1BBE18E100DEB75A /* Release */ = {
			isa = XCBuildConfiguration;
			buildSettings = {
				BUNDLE_LOADER = "$(TEST_HOST)";
				INFOPLIST_FILE = TDDSwiftTests/Info.plist;
				LD_RUNPATH_SEARCH_PATHS = "$(inherited) @executable_path/Frameworks @loader_path/Frameworks";
				PRODUCT_BUNDLE_IDENTIFIER = up1.TDDSwiftTests;
				PRODUCT_NAME = "$(TARGET_NAME)";
				TEST_HOST = "$(BUILT_PRODUCTS_DIR)/TDDSwift.app/TDDSwift";
			};
			name = Release;
		};
/* End XCBuildConfiguration section */

/* Begin XCConfigurationList section */
		A2022AF51BBE18E100DEB75A /* Build configuration list for PBXProject "TDDSwift" */ = {
			isa = XCConfigurationList;
			buildConfigurations = (
				A2022B151BBE18E100DEB75A /* Debug */,
				A2022B161BBE18E100DEB75A /* Release */,
			);
			defaultConfigurationIsVisible = 0;
			defaultConfigurationName = Release;
		};
		A2022B171BBE18E100DEB75A /* Build configuration list for PBXNativeTarget "TDDSwift" */ = {
			isa = XCConfigurationList;
			buildConfigurations = (
				A2022B181BBE18E100DEB75A /* Debug */,
				A2022B191BBE18E100DEB75A /* Release */,
			);
			defaultConfigurationIsVisible = 0;
		};
		A2022B1A1BBE18E100DEB75A /* Build configuration list for PBXNativeTarget "TDDSwiftTests" */ = {
			isa = XCConfigurationList;
			buildConfigurations = (
				A2022B1B1BBE18E100DEB75A /* Debug */,
				A2022B1C1BBE18E100DEB75A /* Release */,
			);
			defaultConfigurationIsVisible = 0;
		};
/* End XCConfigurationList section */
	};
	rootObject = A2022AF21BBE18E100DEB75A /* Project object */;
}
